
Microsoft Visual Studio Solution File, Format Version 11.00
# Visual Studio 2017
VisualStudioVersion = 17.0.31314.256
MinimumVisualStudioVersion = 10.0.40219.1
Project("{a65b38ba-1706-46f1-a4ee-0b02dc5f278f}") = "CompileRules", "Intermedia\CppBuildRule\Project\CompileRules.csproj", "{a65b38ba-1706-46f1-a4ee-0b02dc5f278f}"
EndProject
Global
	GlobalSection(SolutionConfigurationPlatforms) = preSolution
		Debug|AnyCPU = Debug|AnyCPU
		Release|AnyCPU = Release|AnyCPU
	EndGlobalSection
	GlobalSection(ProjectConfigurationPlatforms) = postSolution
		{a65b38ba-1706-46f1-a4ee-0b02dc5f278f}.Debug|x64.ActiveCfg = Debug|Any CPU
		{a65b38ba-1706-46f1-a4ee-0b02dc5f278f}.Debug|x64.Build.0 = Debug|Any CPU
		{a65b38ba-1706-46f1-a4ee-0b02dc5f278f}.Release|x64.ActiveCfg = Release|Any CPU
		{a65b38ba-1706-46f1-a4ee-0b02dc5f278f}.Release|x64.Build.0 = Release|Any CPU
	EndGlobalSection
	GlobalSection(SolutionProperties) = preSolution
		HideSolutionNode = FALSE
	EndGlobalSection
EndGlobal